PODS:
  - Crashlytics (3.12.0):
    - Fabric (~> 1.9.0)
  - Fabric (1.9.0)

DEPENDENCIES:
  - Crashlytics
  - Fabric

SPEC REPOS:
  https://github.com/CocoaPods/Specs.git:
    - Crashlytics
    - Fabric

SPEC CHECKSUMS:
  Crashlytics: a33af323773f73904037dc2e684cd2f0d29f4fe2
  Fabric: 09ef2d9b99b104702bede1acaf469fb8f20a9146

PODFILE CHECKSUM: 3faefbd9c8df7e76df5aa0e54e0483ee2e45995f

COCOAPODS: 1.9.3
